// !$*UTF8*$!
{
	archiveVersion = 1;
	classes = {
	};
	objectVersion = 46;
	objects = {

/* Begin PBXBuildFile section */
		3F12C4841B05E87000B01915 /* AppDelegate.swift in Sources */ = {isa = PBXBuildFile; fileRef = 3F12C4831B05E87000B01915 /* AppDelegate.swift */; };
		3F12C4861B05E87000B01915 /* ViewController.swift in Sources */ = {isa = PBXBuildFile; fileRef = 3F12C4851B05E87000B01915 /* ViewController.swift */; };
		3F12C4891B05E87000B01915 /* Main.storyboard in Resources */ = {isa = PBXBuildFile; fileRef = 3F12C4871B05E87000B01915 /* Main.storyboard */; };
		3F12C48B1B05E87000B01915 /* Images.xcassets in Resources */ = {isa = PBXBuildFile; fileRef = 3F12C48A1B05E87000B01915 /* Images.xcassets */; };
		3F12C48E1B05E87000B01915 /* LaunchScreen.xib in Resources */ = {isa = PBXBuildFile; fileRef = 3F12C48C1B05E87000B01915 /* LaunchScreen.xib */; };
		3F12C49A1B05E87000B01915 /* Thing3Tests.swift in Sources */ = {isa = PBXBuildFile; fileRef = 3F12C4991B05E87000B01915 /* Thing3Tests.swift */; };
/* End PBXBuildFile section */

/* Begin PBXContainerItemProxy section */
		3F12C4941B05E87000B01915 /* PBXContainerItemProxy */ = {
			isa = PBXContainerItemProxy;
			containerPortal = 3F12C4761B05E87000B01915 /* Project object */;
			proxyType = 1;
			remoteGlobalIDString = 3F12C47D1B05E87000B01915;
			remoteInfo = Thing3;
		};
/* End PBXContainerItemProxy section */

/* Begin PBXFileReference section */
		3F12C47E1B05E87000B01915 /* Thing3.app */ = {isa = PBXFileReference; explicitFileType = wrapper.application; includeInIndex = 0; path = Thing3.app; sourceTree = BUILT_PRODUCTS_DIR; };
		3F12C4821B05E87000B01915 /* Info.plist */ = {isa = PBXFileReference; lastKnownFileType = text.plist.xml; path = Info.plist; sourceTree = "<group>"; };
		3F12C4831B05E87000B01915 /* AppDelegate.swift */ = {isa = PBXFileReference; lastKnownFileType = sourcecode.swift; path = AppDelegate.swift; sourceTree = "<group>"; };
		3F12C4851B05E87000B01915 /* ViewController.swift */ = {isa = PBXFileReference; lastKnownFileType = sourcecode.swift; path = ViewController.swift; sourceTree = "<group>"; };
		3F12C4881B05E87000B01915 /* Base */ = {isa = PBXFileReference; lastKnownFileType = file.storyboard; name = Base; path = Base.lproj/Main.storyboard; sourceTree = "<group>"; };
		3F12C48A1B05E87000B01915 /* Images.xcassets */ = {isa = PBXFileReference; lastKnownFileType = folder.assetcatalog; path = Images.xcassets; sourceTree = "<group>"; };
		3F12C48D1B05E87000B01915 /* Base */ = {isa = PBXFileReference; lastKnownFileType = file.xib; name = Base; path = Base.lproj/LaunchScreen.xib; sourceTree = "<group>"; };
		3F12C4931B05E87000B01915 /* Thing3Tests.xctest */ = {isa = PBXFileReference; explicitFileType = wrapper.cfbundle; includeInIndex = 0; path = Thing3Tests.xctest; sourceTree = BUILT_PRODUCTS_DIR; };
		3F12C4981B05E87000B01915 /* Info.plist */ = {isa = PBXFileReference; lastKnownFileType = text.plist.xml; path = Info.plist; sourceTree = "<group>"; };
		3F12C4991B05E87000B01915 /* Thing3Tests.swift */ = {isa = PBXFileReference; lastKnownFileType = sourcecode.swift; path = Thing3Tests.swift; sourceTree = "<group>"; };
/* End PBXFileReference section */

/* Begin PBXFrameworksBuildPhase section */
		3F12C47B1B05E87000B01915 /* Frameworks */ = {
			isa = PBXFrameworksBuildPhase;
			buildActionMask = 2147483647;
			files = (
			);
			runOnlyForDeploymentPostprocessing = 0;
		};
		3F12C4901B05E87000B01915 /* Frameworks */ = {
			isa = PBXFrameworksBuildPhase;
			buildActionMask = 2147483647;
			files = (
			);
			runOnlyForDeploymentPostprocessing = 0;
		};
/* End PBXFrameworksBuildPhase section */

/* Begin PBXGroup section */
		3F12C4751B05E87000B01915 = {
			isa = PBXGroup;
			children = (
				3F12C4801B05E87000B01915 /* Thing3 */,
				3F12C4961B05E87000B01915 /* Thing3Tests */,
				3F12C47F1B05E87000B01915 /* Products */,
			);
			sourceTree = "<group>";
		};
		3F12C47F1B05E87000B01915 /* Products */ = {
			isa = PBXGroup;
			children = (
				3F12C47E1B05E87000B01915 /* Thing3.app */,
				3F12C4931B05E87000B01915 /* Thing3Tests.xctest */,
			);
			name = Products;
			sourceTree = "<group>";
		};
		3F12C4801B05E87000B01915 /* Thing3 */ = {
			isa = PBXGroup;
			children = (
				3F12C4831B05E87000B01915 /* AppDelegate.swift */,
				3F12C4851B05E87000B01915 /* ViewController.swift */,
				3F12C4871B05E87000B01915 /* Main.storyboard */,
				3F12C48A1B05E87000B01915 /* Images.xcassets */,
				3F12C48C1B05E87000B01915 /* LaunchScreen.xib */,
				3F12C4811B05E87000B01915 /* Supporting Files */,
			);
			path = Thing3;
			sourceTree = "<group>";
		};
		3F12C4811B05E87000B01915 /* Supporting Files */ = {
			isa = PBXGroup;
			children = (
				3F12C4821B05E87000B01915 /* Info.plist */,
			);
			name = "Supporting Files";
			sourceTree = "<group>";
		};
		3F12C4961B05E87000B01915 /* Thing3Tests */ = {
			isa = PBXGroup;
			children = (
				3F12C4991B05E87000B01915 /* Thing3Tests.swift */,
				3F12C4971B05E87000B01915 /* Supporting Files */,
			);
			path = Thing3Tests;
			sourceTree = "<group>";
		};
		3F12C4971B05E87000B01915 /* Supporting Files */ = {
			isa = PBXGroup;
			children = (
				3F12C4981B05E87000B01915 /* Info.plist */,
			);
			name = "Supporting Files";
			sourceTree = "<group>";
		};
/* End PBXGroup section */

/* Begin PBXNativeTarget section */
		3F12C47D1B05E87000B01915 /* Thing3 */ = {
			isa = PBXNativeTarget;
			buildConfigurationList = 3F12C49D1B05E87000B01915 /* Build configuration list for PBXNativeTarget "Thing3" */;
			buildPhases = (
				3F12C47A1B05E87000B01915 /* Sources */,
				3F12C47B1B05E87000B01915 /* Frameworks */,
				3F12C47C1B05E87000B01915 /* Resources */,
			);
			buildRules = (
			);
			dependencies = (
			);
			name = Thing3;
			productName = Thing3;
			productReference = 3F12C47E1B05E87000B01915 /* Thing3.app */;
			productType = "com.apple.product-type.application";
		};
		3F12C4921B05E87000B01915 /* Thing3Tests */ = {
			isa = PBXNativeTarget;
			buildConfigurationList = 3F12C4A01B05E87000B01915 /* Build configuration list for PBXNativeTarget "Thing3Tests" */;
			buildPhases = (
				3F12C48F1B05E87000B01915 /* Sources */,
				3F12C4901B05E87000B01915 /* Frameworks */,
				3F12C4911B05E87000B01915 /* Resources */,
			);
			buildRules = (
			);
			dependencies = (
				3F12C4951B05E87000B01915 /* PBXTargetDependency */,
			);
			name = Thing3Tests;
			productName = Thing3Tests;
			productReference = 3F12C4931B05E87000B01915 /* Thing3Tests.xctest */;
			productType = "com.apple.product-type.bundle.unit-test";
		};
/* End PBXNativeTarget section */

/* Begin PBXProject section */
		3F12C4761B05E87000B01915 /* Project object */ = {
			isa = PBXProject;
			attributes = {
				LastUpgradeCheck = 0630;
				ORGANIZATIONNAME = "Ostap Horbach";
				TargetAttributes = {
					3F12C47D1B05E87000B01915 = {
						CreatedOnToolsVersion = 6.3.1;
					};
					3F12C4921B05E87000B01915 = {
						CreatedOnToolsVersion = 6.3.1;
						TestTargetID = 3F12C47D1B05E87000B01915;
					};
				};
			};
			buildConfigurationList = 3F12C4791B05E87000B01915 /* Build configuration list for PBXProject "Thing3" */;
			compatibilityVersion = "Xcode 3.2";
			developmentRegion = English;
			hasScannedForEncodings = 0;
			knownRegions = (
				en,
				Base,
			);
			mainGroup = 3F12C4751B05E87000B01915;
			productRefGroup = 3F12C47F1B05E87000B01915 /* Products */;
			projectDirPath = "";
			projectRoot = "";
			targets = (
				3F12C47D1B05E87000B01915 /* Thing3 */,
				3F12C4921B05E87000B01915 /* Thing3Tests */,
			);
		};
/* End PBXProject section */

/* Begin PBXResourcesBuildPhase section */
		3F12C47C1B05E87000B01915 /* Resources */ = {
			isa = PBXResourcesBuildPhase;
			buildActionMask = 2147483647;
			files = (
				3F12C4891B05E87000B01915 /* Main.storyboard in Resources */,
				3F12C48E1B05E87000B01915 /* LaunchScreen.xib in Resources */,
				3F12C48B1B05E87000B01915 /* Images.xcassets in Resources */,
			);
			runOnlyForDeploymentPostprocessing = 0;
		};
		3F12C4911B05E87000B01915 /* Resources */ = {
			isa = PBXResourcesBuildPhase;
			buildActionMask = 2147483647;
			files = (
			);
			runOnlyForDeploymentPostprocessing = 0;
		};
/* End PBXResourcesBuildPhase section */

/* Begin PBXSourcesBuildPhase section */
		3F12C47A1B05E87000B01915 /* Sources */ = {
			isa = PBXSourcesBuildPhase;
			buildActionMask = 2147483647;
			files = (
				3F12C4861B05E87000B01915 /* ViewController.swift in Sources */,
				3F12C4841B05E87000B01915 /* AppDelegate.swift in Sources */,
			);
			runOnlyForDeploymentPostprocessing = 0;
		};
		3F12C48F1B05E87000B01915 /* Sources */ = {
			isa = PBXSourcesBuildPhase;
			buildActionMask = 2147483647;
			files = (
				3F12C49A1B05E87000B01915 /* Thing3Tests.swift in Sources */,
			);
			runOnlyForDeploymentPostprocessing = 0;
		};
/* End PBXSourcesBuildPhase section */

/* Begin PBXTargetDependency section */
		3F12C4951B05E87000B01915 /* PBXTargetDependency */ = {
			isa = PBXTargetDependency;
			target = 3F12C47D1B05E87000B01915 /* Thing3 */;
			targetProxy = 3F12C4941B05E87000B01915 /* PBXContainerItemProxy */;
		};
/* End PBXTargetDependency section */

/* Begin PBXVariantGroup section */
		3F12C4871B05E87000B01915 /* Main.storyboard */ = {
			isa = PBXVariantGroup;
			children = (
				3F12C4881B05E87000B01915 /* Base */,
			);
			name = Main.storyboard;
			sourceTree = "<group>";
		};
		3F12C48C1B05E87000B01915 /* LaunchScreen.xib */ = {
			isa = PBXVariantGroup;
			children = (
				3F12C48D1B05E87000B01915 /* Base */,
			);
			name = LaunchScreen.xib;
			sourceTree = "<group>";
		};
/* End PBXVariantGroup section */

/* Begin XCBuildConfiguration section */
		3F12C49B1B05E87000B01915 /* Debug */ = {
			isa = XCBuildConfiguration;
			buildSettings = {
				ALWAYS_SEARCH_USER_PATHS = NO;
				CLANG_CXX_LANGUAGE_STANDARD = "gnu++0x";
				CLANG_CXX_LIBRARY = "libc++";
				CLANG_ENABLE_MODULES = YES;
				CLANG_ENABLE_OBJC_ARC = YES;
				CLANG_WARN_BOOL_CONVERSION = YES;
				CLANG_WARN_CONSTANT_CONVERSION = YES;
				CLANG_WARN_DIRECT_OBJC_ISA_USAGE = YES_ERROR;
				CLANG_WARN_EMPTY_BODY = YES;
				CLANG_WARN_ENUM_CONVERSION = YES;
				CLANG_WARN_INT_CONVERSION = YES;
				CLANG_WARN_OBJC_ROOT_CLASS = YES_ERROR;
				CLANG_WARN_UNREACHABLE_CODE = YES;
				CLANG_WARN__DUPLICATE_METHOD_MATCH = YES;
				"CODE_SIGN_IDENTITY[sdk=iphoneos*]" = "iPhone Developer";
				COPY_PHASE_STRIP = NO;
				DEBUG_INFORMATION_FORMAT = "dwarf-with-dsym";
				ENABLE_STRICT_OBJC_MSGSEND = YES;
				GCC_C_LANGUAGE_STANDARD = gnu99;
				GCC_DYNAMIC_NO_PIC = NO;
				GCC_NO_COMMON_BLOCKS = YES;
				GCC_OPTIMIZATION_LEVEL = 0;
				GCC_PREPROCESSOR_DEFINITIONS = (
					"DEBUG=1",
					"$(inherited)",
				);
				GCC_SYMBOLS_PRIVATE_EXTERN = NO;
				GCC_WARN_64_TO_32_BIT_CONVERSION = YES;
				GCC_WARN_ABOUT_RETURN_TYPE = YES_ERROR;
				GCC_WARN_UNDECLARED_SELECTOR = YES;
				GCC_WARN_UNINITIALIZED_AUTOS = YES_AGGRESSIVE;
				GCC_WARN_UNUSED_FUNCTION = YES;
				GCC_WARN_UNUSED_VARIABLE = YES;
				IPHONEOS_DEPLOYMENT_TARGET = 8.3;
				MTL_ENABLE_DEBUG_INFO = YES;
				ONLY_ACTIVE_ARCH = YES;
				SDKROOT = iphoneos;
				SWIFT_OPTIMIZATION_LEVEL = "-Onone";
			};
			name = Debug;
		};
		3F12C49C1B05E87000B01915 /* Release */ = {
			isa = XCBuildConfiguration;
			buildSettings = {
				ALWAYS_SEARCH_USER_PATHS = NO;
				CLANG_CXX_LANGUAGE_STANDARD = "gnu++0x";
				CLANG_CXX_LIBRARY = "libc++";
				CLANG_ENABLE_MODULES = YES;
				CLANG_ENABLE_OBJC_ARC = YES;
				CLANG_WARN_BOOL_CONVERSION = YES;
				CLANG_WARN_CONSTANT_CONVERSION = YES;
				CLANG_WARN_DIRECT_OBJC_ISA_USAGE = YES_ERROR;
				CLANG_WARN_EMPTY_BODY = YES;
				CLANG_WARN_ENUM_CONVERSION = YES;
				CLANG_WARN_INT_CONVERSION = YES;
				CLANG_WARN_OBJC_ROOT_CLASS = YES_ERROR;
				CLANG_WARN_UNREACHABLE_CODE = YES;
				CLANG_WARN__DUPLICATE_METHOD_MATCH = YES;
				"CODE_SIGN_IDENTITY[sdk=iphoneos*]" = "iPhone Developer";
				COPY_PHASE_STRIP = NO;
				DEBUG_INFORMATION_FORMAT = "dwarf-with-dsym";
				ENABLE_NS_ASSERTIONS = NO;
				ENABLE_STRICT_OBJC_MSGSEND = YES;
				GCC_C_LANGUAGE_STANDARD = gnu99;
				GCC_NO_COMMON_BLOCKS = YES;
				GCC_WARN_64_TO_32_BIT_CONVERSION = YES;
				GCC_WARN_ABOUT_RETURN_TYPE = YES_ERROR;
				GCC_WARN_UNDECLARED_SELECTOR = YES;
				GCC_WARN_UNINITIALIZED_AUTOS = YES_AGGRESSIVE;
				GCC_WARN_UNUSED_FUNCTION = YES;
				GCC_WARN_UNUSED_VARIABLE = YES;
				IPHONEOS_DEPLOYMENT_TARGET = 8.3;
				MTL_ENABLE_DEBUG_INFO = NO;
				SDKROOT = iphoneos;
				VALIDATE_PRODUCT = YES;
			};
			name = Release;
		};
		3F12C49E1B05E87000B01915 /* Debug */ = {
			isa = XCBuildConfiguration;
			buildSettings = {
				ASSETCATALOG_COMPILER_APPICON_NAME = AppIcon;
				INFOPLIST_FILE = Thing3/Info.plist;
				LD_RUNPATH_SEARCH_PATHS = "$(inherited) @executable_path/Frameworks";
				PRODUCT_NAME = "$(TARGET_NAME)";
			};
			name = Debug;
		};
		3F12C49F1B05E87000B01915 /* Release */ = {
			isa = XCBuildConfiguration;
			buildSettings = {
				ASSETCATALOG_COMPILER_APPICON_NAME = AppIcon;
				INFOPLIST_FILE = Thing3/Info.plist;
				LD_RUNPATH_SEARCH_PATHS = "$(inherited) @executable_path/Frameworks";
				PRODUCT_NAME = "$(TARGET_NAME)";
			};
			name = Release;
		};
		3F12C4A11B05E87000B01915 /* Debug */ = {
			isa = XCBuildConfiguration;
			buildSettings = {
				BUNDLE_LOADER = "$(TEST_HOST)";
				FRAMEWORK_SEARCH_PATHS = (
					"$(SDKROOT)/Developer/Library/Frameworks",
					"$(inherited)",
				);
				GCC_PREPROCESSOR_DEFINITIONS = (
					"DEBUG=1",
					"$(inherited)",
				);
				INFOPLIST_FILE = Thing3Tests/Info.plist;
				LD_RUNPATH_SEARCH_PATHS = "$(inherited) @executable_path/Frameworks @loader_path/Frameworks";
				PRODUCT_NAME = "$(TARGET_NAME)";
				TEST_HOST = "$(BUILT_PRODUCTS_DIR)/Thing3.app/Thing3";
			};
			name = Debug;
		};
		3F12C4A21B05E87000B01915 /* Release */ = {
			isa = XCBuildConfiguration;
			buildSettings = {
				BUNDLE_LOADER = "$(TEST_HOST)";
				FRAMEWORK_SEARCH_PATHS = (
					"$(SDKROOT)/Developer/Library/Frameworks",
					"$(inherited)",
				);
				INFOPLIST_FILE = Thing3Tests/Info.plist;
				LD_RUNPATH_SEARCH_PATHS = "$(inherited) @executable_path/Frameworks @loader_path/Frameworks";
				PRODUCT_NAME = "$(TARGET_NAME)";
				TEST_HOST = "$(BUILT_PRODUCTS_DIR)/Thing3.app/Thing3";
			};
			name = Release;
		};
/* End XCBuildConfiguration section */

/* Begin XCConfigurationList section */
		3F12C4791B05E87000B01915 /* Build configuration list for PBXProject "Thing3" */ = {
			isa = XCConfigurationList;
			buildConfigurations = (
				3F12C49B1B05E87000B01915 /* Debug */,
				3F12C49C1B05E87000B01915 /* Release */,
			);
			defaultConfigurationIsVisible = 0;
			defaultConfigurationName = Release;
		};
		3F12C49D1B05E87000B01915 /* Build configuration list for PBXNativeTarget "Thing3" */ = {
			isa = XCConfigurationList;
			buildConfigurations = (
				3F12C49E1B05E87000B01915 /* Debug */,
				3F12C49F1B05E87000B01915 /* Release */,
			);
			defaultConfigurationIsVisible = 0;
		};
		3F12C4A01B05E87000B01915 /* Build configuration list for PBXNativeTarget "Thing3Tests" */ = {
			isa = XCConfigurationList;
			buildConfigurations = (
				3F12C4A11B05E87000B01915 /* Debug */,
				3F12C4A21B05E87000B01915 /* Release */,
			);
			defaultConfigurationIsVisible = 0;
		};
/* End XCConfigurationList section */
	};
	rootObject = 3F12C4761B05E87000B01915 /* Project object */;
}
